<?xml version="1.0" encoding="utf-8"?>
<Project ToolsVersion="4.0" xmlns="http://schemas.microsoft.com/developer/msbuild/2003">
  <ItemGroup>
    <Filter Include="Source Files">
      <UniqueIdentifier>{4FC737F1-C7A5-4376-A066-2A32D752A2FF}</UniqueIdentifier>
      <Extensions>cpp;c;cc;cxx;c++;cppm;ixx;def;odl;idl;hpj;bat;asm;asmx</Extensions>
    </Filter>
    <Filter Include="Header Files">
      <UniqueIdentifier>{93995380-89BD-4b04-88EB-625FBE52EBFB}</UniqueIdentifier>
      <Extensions>h;hh;hpp;hxx;h++;hm;inl;inc;ipp;xsd</Extensions>
    </Filter>
    <Filter Include="Resource Files">
      <UniqueIdentifier>{67DA6AB6-F800-4c08-8B7A-83BB121AAD01}</UniqueIdentifier>
      <Extensions>rc;ico;cur;bmp;dlg;rc2;rct;bin;rgs;gif;jpg;jpeg;jpe;resx;tiff;tif;png;wav;mfcribbon-ms</Extensions>
    </Filter>
    <Filter Include="Header Files\Objects">
      <UniqueIdentifier>{6e7f6abf-7bd8-4b45-9fa2-c1b8690f01e0}</UniqueIdentifier>
    </Filter>
    <Filter Include="Header Files\Objects\Enemies">
      <UniqueIdentifier>{74f7207f-f0b3-4c07-a44f-6a5c2a1b9d59}</UniqueIdentifier>
    </Filter>
    <Filter Include="Source Files\Objects">
      <UniqueIdentifier>{1b2d88d2-bc64-4ebf-a962-dedacfec1273}</UniqueIdentifier>
    </Filter>
    <Filter Include="Source Files\Objects\Enemies">
      <UniqueIdentifier>{e39ceb5c-66af-4ed9-877b-e04acf34a59f}</UniqueIdentifier>
    </Filter>
    <Filter Include="Source Files\Objects\Bill">
      <UniqueIdentifier>{16fc020b-a894-4edb-ba03-7c4c3d612104}</UniqueIdentifier>
    </Filter>
    <Filter Include="Source Files\Objects\Bill\BillState">
      <UniqueIdentifier>{bd0fda84-ecf8-476e-a06d-43d9fb4faf94}</UniqueIdentifier>
    </Filter>
    <Filter Include="Header Files\Objects\Enemies\Soldier">
      <UniqueIdentifier>{bf4f33db-920a-4578-85f3-889c9d446859}</UniqueIdentifier>
    </Filter>
    <Filter Include="Header Files\Objects\Bill">
      <UniqueIdentifier>{df7d36ea-3972-4de3-827c-8e972538dd00}</UniqueIdentifier>
    </Filter>
    <Filter Include="Header Files\Abstractions">
      <UniqueIdentifier>{9ba54ad0-e114-4056-a582-4717d80d7e18}</UniqueIdentifier>
    </Filter>
    <Filter Include="Header Files\Abstractions\Object Abstractions">
      <UniqueIdentifier>{d84f4867-f1bd-4d9a-ba13-a12f774fe8f0}</UniqueIdentifier>
    </Filter>
    <Filter Include="Header Files\Abstractions\Graphics Abstractions">
      <UniqueIdentifier>{a474935d-6596-4cbd-9d7a-e4fbd1945296}</UniqueIdentifier>
    </Filter>
    <Filter Include="Header Files\Objects\Enemies\ScubaSoldier">
      <UniqueIdentifier>{ce627cf7-08a6-467b-8044-f5c591fbfdeb}</UniqueIdentifier>
    </Filter>
    <Filter Include="Header Files\Objects\TestingEntity">
      <UniqueIdentifier>{683898e2-62ef-40cf-9911-cdbf3a5cec5b}</UniqueIdentifier>
    </Filter>
    <Filter Include="Source Files\Abstractions">
      <UniqueIdentifier>{4b7dd734-8732-44ef-b1f3-a08c73dcd8a6}</UniqueIdentifier>
    </Filter>
    <Filter Include="Source Files\Abstractions\Object Abstractions">
      <UniqueIdentifier>{0cd5ee03-3357-4d90-a95f-8e08f33242ae}</UniqueIdentifier>
    </Filter>
    <Filter Include="Source Files\Abstractions\Graphics Abstractions">
      <UniqueIdentifier>{1e585eeb-dacb-4aa0-bc54-9abf4742f67b}</UniqueIdentifier>
    </Filter>
    <Filter Include="Source Files\Objects\TestingEntity">
      <UniqueIdentifier>{11eba976-12b6-445c-a983-af1e80c495e5}</UniqueIdentifier>
    </Filter>
    <Filter Include="Source Files\Objects\Enemies\Soldier">
      <UniqueIdentifier>{cfe66d06-a43b-4ba9-ac2f-839559ae2570}</UniqueIdentifier>
    </Filter>
    <Filter Include="Source Files\Objects\Enemies\ScubaSoldier">
      <UniqueIdentifier>{e57e8cc9-074e-4b39-b0d1-a2c80d20aaaa}</UniqueIdentifier>
    </Filter>
    <Filter Include="Source Files\Objects\Enemies\Soldier">
      <UniqueIdentifier>{5545e3d2-e933-470b-83e4-3788fe656759}</UniqueIdentifier>
    </Filter>
    <Filter Include="Source Files\Objects\Enemies\Soldier\SoldierState">
      <UniqueIdentifier>{27533dfb-7b0d-4735-8970-0db29728b6c0}</UniqueIdentifier>
    </Filter>
    <Filter Include="Source Files\Objects\Enemies\ScubaSoldier\ScubaSoldierState">
      <UniqueIdentifier>{bf9a1c6d-c915-4f0b-a43a-4d37b838f7ef}</UniqueIdentifier>
    </Filter>
    <Filter Include="Header Files\Objects\Enemies\WallTurret">
      <UniqueIdentifier>{9768cc23-d528-4df8-b3ab-e7b008386ee6}</UniqueIdentifier>
    </Filter>
    <Filter Include="Source Files\Objects\Enemies\WallTurret">
      <UniqueIdentifier>{f2cd795a-178c-4b6f-bbc5-ebabd819b6e2}</UniqueIdentifier>
    </Filter>
    <Filter Include="Source Files\Objects\Enemies\WallTurret\WallTurretState">
      <UniqueIdentifier>{3887bf97-f37e-4fed-b077-c468432bd6de}</UniqueIdentifier>
    </Filter>
    <Filter Include="Header Files\Objects\Enemies\BossStage3">
      <UniqueIdentifier>{8f9e1b94-f64d-48fb-9966-32293c07c812}</UniqueIdentifier>
    </Filter>
    <Filter Include="Source Files\Objects\Enemies\BossStage3">
      <UniqueIdentifier>{be0dc8c7-0e71-47f6-80a8-600ab84024ad}</UniqueIdentifier>
    </Filter>
    <Filter Include="Source Files\Objects\Enemies\BossStage3\BossStage3State">
      <UniqueIdentifier>{283e9967-ec2f-4af5-8faf-0b53a8a83ec9}</UniqueIdentifier>
    </Filter>
    <Filter Include="Header Files\Objects\Camera">
      <UniqueIdentifier>{04bbb2ba-9815-44fb-a868-19898b1adf75}</UniqueIdentifier>
    </Filter>
    <Filter Include="Source Files\Objects\Camera">
      <UniqueIdentifier>{14356edb-079e-4955-a6e4-ee6d2de4b7b1}</UniqueIdentifier>
    </Filter>
    <Filter Include="Source Files\Objects\Camera\CameraState">
      <UniqueIdentifier>{0c6a8194-4179-402d-be4c-bbe4d567c698}</UniqueIdentifier>
    </Filter>
  </ItemGroup>
  <ItemGroup>
    <ClInclude Include="GraphicsHelper.h">
      <Filter>Header Files</Filter>
    </ClInclude>
    <ClInclude Include="GraphicsDatabase.h">
      <Filter>Header Files</Filter>
    </ClInclude>
    <ClInclude Include="Input.h">
      <Filter>Header Files</Filter>
    </ClInclude>
    <ClInclude Include="Soldier.h">
      <Filter>Header Files\Objects\Enemies\Soldier</Filter>
    </ClInclude>
    <ClInclude Include="Bill.h">
      <Filter>Header Files\Objects\Bill</Filter>
    </ClInclude>
    <ClInclude Include="HasSprites.h">
      <Filter>Header Files\Abstractions\Graphics Abstractions</Filter>
    </ClInclude>
    <ClInclude Include="HasAnimations.h">
      <Filter>Header Files\Abstractions\Graphics Abstractions</Filter>
    </ClInclude>
    <ClInclude Include="HasTextures.h">
      <Filter>Header Files\Abstractions\Graphics Abstractions</Filter>
    </ClInclude>
    <ClInclude Include="Entity.h">
      <Filter>Header Files\Abstractions\Object Abstractions</Filter>
    </ClInclude>
    <ClInclude Include="State.h">
      <Filter>Header Files\Abstractions\Object Abstractions</Filter>
    </ClInclude>
    <ClInclude Include="ScubaSoldier.h">
      <Filter>Header Files\Objects\Enemies\ScubaSoldier</Filter>
    </ClInclude>
    <ClInclude Include="ScubaSoldierCommon.h">
      <Filter>Header Files\Objects\Enemies\ScubaSoldier</Filter>
    </ClInclude>
    <ClInclude Include="SoldierCommon.h">
      <Filter>Header Files\Objects\Enemies\Soldier</Filter>
    </ClInclude>
    <ClInclude Include="TestingEntity.h">
      <Filter>Header Files\Objects\TestingEntity</Filter>
    </ClInclude>
    <ClInclude Include="TestingEntityCommon.h">
      <Filter>Header Files\Objects\TestingEntity</Filter>
    </ClInclude>
    <ClInclude Include="Common.h">
      <Filter>Header Files</Filter>
    </ClInclude>
    <ClInclude Include="BillCommon.h">
      <Filter>Header Files\Objects\Bill</Filter>
    </ClInclude>
    <ClInclude Include="WallTurret.h">
      <Filter>Header Files\Objects\Enemies\WallTurret</Filter>
    </ClInclude>
    <ClInclude Include="BossStage3.h">
      <Filter>Header Files\Objects\Enemies\BossStage3</Filter>
    </ClInclude>
    <ClInclude Include="Enemy.h">
      <Filter>Header Files\Abstractions\Object Abstractions</Filter>
    </ClInclude>
    <ClInclude Include="Camera.h">
      <Filter>Header Files\Objects\Camera</Filter>
    </ClInclude>
    <ClInclude Include="CameraCommon.h">
      <Filter>Header Files\Objects\Camera</Filter>
    </ClInclude>
  </ItemGroup>
  <ItemGroup>
    <ClCompile Include="main.cpp">
      <Filter>Source Files</Filter>
    </ClCompile>
    <ClCompile Include="GraphicsHelper.cpp">
      <Filter>Source Files</Filter>
    </ClCompile>
    <ClCompile Include="GraphicsDatabase.cpp">
      <Filter>Source Files</Filter>
    </ClCompile>
    <ClCompile Include="Input.cpp">
      <Filter>Source Files</Filter>
    </ClCompile>
    <ClCompile Include="BillState.cpp">
      <Filter>Source Files\Objects\Bill</Filter>
    </ClCompile>
    <ClCompile Include="BillRunState.cpp">
      <Filter>Source Files\Objects\Bill\BillState</Filter>
    </ClCompile>
    <ClCompile Include="BillJumpState.cpp">
      <Filter>Source Files\Objects\Bill\BillState</Filter>
    </ClCompile>
    <ClCompile Include="BillSwimNormalState.cpp">
      <Filter>Source Files\Objects\Bill\BillState</Filter>
    </ClCompile>
    <ClCompile Include="BillNormalState.cpp">
      <Filter>Source Files\Objects\Bill\BillState</Filter>
    </ClCompile>
    <ClCompile Include="BillLayDownState.cpp">
      <Filter>Source Files\Objects\Bill\BillState</Filter>
    </ClCompile>
    <ClCompile Include="BillRunShotAngleUpState.cpp">
      <Filter>Source Files\Objects\Bill\BillState</Filter>
    </ClCompile>
    <ClCompile Include="BillRunShotAngleDownState.cpp">
      <Filter>Source Files\Objects\Bill\BillState</Filter>
    </ClCompile>
    <ClCompile Include="BillState.cpp">
      <Filter>Source Files\Bill</Filter>
    </ClCompile>
    <ClCompile Include="BillDiveState.cpp">
      <Filter>Source Files\Objects\Bill\BillState</Filter>
    </ClCompile>
    <ClCompile Include="BillDeadState.cpp">
      <Filter>Source Files\Objects\Bill\BillState</Filter>
    </ClCompile>
    <ClCompile Include="Bill.cpp">
      <Filter>Source Files\Objects\Bill</Filter>
    </ClCompile>
    <ClCompile Include="HasAnimations.cpp">
      <Filter>Source Files\Abstractions\Graphics Abstractions</Filter>
    </ClCompile>
    <ClCompile Include="HasSprites.cpp">
      <Filter>Source Files\Abstractions\Graphics Abstractions</Filter>
    </ClCompile>
    <ClCompile Include="HasTextures.cpp">
      <Filter>Source Files\Abstractions\Graphics Abstractions</Filter>
    </ClCompile>
    <ClCompile Include="State.cpp">
      <Filter>Source Files\Abstractions\Object Abstractions</Filter>
    </ClCompile>
    <ClCompile Include="Entity.cpp">
      <Filter>Source Files\Abstractions\Object Abstractions</Filter>
    </ClCompile>
    <ClCompile Include="TestingEntity.cpp">
      <Filter>Source Files\Objects\TestingEntity</Filter>
    </ClCompile>
    <ClCompile Include="Soldier.cpp">
      <Filter>Source Files\Objects\Enemies\Soldier</Filter>
    </ClCompile>
    <ClCompile Include="ScubaSoldier.cpp">
      <Filter>Source Files\Objects\Enemies\ScubaSoldier</Filter>
    </ClCompile>
    <ClCompile Include="BillState.cpp">
      <Filter>Source Files\Objects\Bill</Filter>
    </ClCompile>
    <ClCompile Include="Soldier.cpp">
      <Filter>Source Files\Objects\Enemies\Soldier</Filter>
    </ClCompile>
    <ClCompile Include="BillState.cpp">
      <Filter>Source Files\Objects\Bill</Filter>
    </ClCompile>
    <ClCompile Include="Soldier.cpp">
      <Filter>Source Files\Objects\Enemies\Soldier</Filter>
    </ClCompile>
    <ClCompile Include="SoldierState.cpp">
      <Filter>Source Files\Objects\Enemies\Soldier</Filter>
    </ClCompile>
    <ClCompile Include="Soldier.cpp">
      <Filter>Source Files\Objects\Enemies\Soldier</Filter>
    </ClCompile>
    <ClCompile Include="HasAnimations.cpp">
      <Filter>Source Files\Abstractions\Graphics Abstractions</Filter>
    </ClCompile>
    <ClCompile Include="HasSprites.cpp">
      <Filter>Source Files\Abstractions\Graphics Abstractions</Filter>
    </ClCompile>
    <ClCompile Include="HasTextures.cpp">
      <Filter>Source Files\Abstractions\Graphics Abstractions</Filter>
    </ClCompile>
    <ClCompile Include="Entity.cpp">
      <Filter>Source Files\Abstractions\Object Abstractions</Filter>
    </ClCompile>
    <ClCompile Include="ScubaSoldier.cpp">
      <Filter>Source Files\Objects\Enemies\ScubaSoldier</Filter>
    </ClCompile>
    <ClCompile Include="TestingEntity.cpp">
      <Filter>Source Files\Objects\TestingEntity</Filter>
    </ClCompile>
    <ClCompile Include="SoldierDieState.cpp">
      <Filter>Source Files\Objects\Enemies\Soldier\SoldierState</Filter>
    </ClCompile>
    <ClCompile Include="SoldierJumpState.cpp">
      <Filter>Source Files\Objects\Enemies\Soldier\SoldierState</Filter>
    </ClCompile>
    <ClCompile Include="SoldierLayDownState.cpp">
      <Filter>Source Files\Objects\Enemies\Soldier\SoldierState</Filter>
    </ClCompile>
    <ClCompile Include="SoldierRunState.cpp">
      <Filter>Source Files\Objects\Enemies\Soldier\SoldierState</Filter>
    </ClCompile>
    <ClCompile Include="SoldierShootState.cpp">
      <Filter>Source Files\Objects\Enemies\Soldier\SoldierState</Filter>
    </ClCompile>
    <ClCompile Include="SoldierDieState.cpp">
      <Filter>Source Files\Objects\Enemies\Soldier\SoldierState</Filter>
    </ClCompile>
    <ClCompile Include="SoldierJumpState.cpp">
      <Filter>Source Files\Objects\Enemies\Soldier\SoldierState</Filter>
    </ClCompile>
    <ClCompile Include="SoldierLayDownState.cpp">
      <Filter>Source Files\Objects\Enemies\Soldier\SoldierState</Filter>
    </ClCompile>
    <ClCompile Include="SoldierRunState.cpp">
      <Filter>Source Files\Objects\Enemies\Soldier\SoldierState</Filter>
    </ClCompile>
    <ClCompile Include="SoldierShootState.cpp">
      <Filter>Source Files\Objects\Enemies\Soldier\SoldierState</Filter>
    </ClCompile>
    <ClCompile Include="WallTurret.cpp">
      <Filter>Source Files\Objects\Enemies\WallTurret</Filter>
    </ClCompile>
    <ClCompile Include="WallTurretState.cpp">
      <Filter>Source Files\Objects\Enemies\WallTurret</Filter>
    </ClCompile>
    <ClCompile Include="WallTurretLeft90State.cpp">
      <Filter>Source Files\Objects\Enemies\WallTurret\WallTurretState</Filter>
    </ClCompile>
    <ClCompile Include="WallTurretUpState.cpp">
      <Filter>Source Files\Objects\Enemies\WallTurret\WallTurretState</Filter>
    </ClCompile>
    <ClCompile Include="WallTurretDownState.cpp">
      <Filter>Source Files\Objects\Enemies\WallTurret\WallTurretState</Filter>
    </ClCompile>
    <ClCompile Include="WallTurretRight90State.cpp">
      <Filter>Source Files\Objects\Enemies\WallTurret\WallTurretState</Filter>
    </ClCompile>
    <ClCompile Include="WallTurretLeft120State.cpp">
      <Filter>Source Files\Objects\Enemies\WallTurret\WallTurretState</Filter>
    </ClCompile>
    <ClCompile Include="WallTurretLeft150State.cpp">
      <Filter>Source Files\Objects\Enemies\WallTurret\WallTurretState</Filter>
    </ClCompile>
    <ClCompile Include="WallTurretLeft60State.cpp">
      <Filter>Source Files\Objects\Enemies\WallTurret\WallTurretState</Filter>
    </ClCompile>
    <ClCompile Include="WallTurretLeft30State.cpp">
      <Filter>Source Files\Objects\Enemies\WallTurret\WallTurretState</Filter>
    </ClCompile>
    <ClCompile Include="WallTurretRight120State.cpp">
      <Filter>Source Files\Objects\Enemies\WallTurret\WallTurretState</Filter>
    </ClCompile>
    <ClCompile Include="WallTurretRight150State.cpp">
      <Filter>Source Files\Objects\Enemies\WallTurret\WallTurretState</Filter>
    </ClCompile>
    <ClCompile Include="WallTurretRight60State.cpp">
      <Filter>Source Files\Objects\Enemies\WallTurret\WallTurretState</Filter>
    </ClCompile>
    <ClCompile Include="Bill.cpp">
      <Filter>Source Files\Objects\Bill</Filter>
    </ClCompile>
    <ClCompile Include="WallTurretCommon.h">
      <Filter>Header Files\Objects\Enemies\WallTurret</Filter>
    </ClCompile>
    <ClCompile Include="WallTurretRight30State.cpp">
      <Filter>Source Files\Objects\Enemies\WallTurret\WallTurretState</Filter>
    </ClCompile>
    <ClCompile Include="ScubaSoldierHiddenState.cpp">
      <Filter>Source Files\Objects\Enemies\ScubaSoldier\ScubaSoldierState</Filter>
    </ClCompile>
    <ClCompile Include="ScubaSoldierShootingState.cpp">
      <Filter>Source Files\Objects\Enemies\ScubaSoldier\ScubaSoldierState</Filter>
    </ClCompile>
    <ClCompile Include="ScubaSoldierState.cpp">
      <Filter>Source Files\Objects\Enemies\ScubaSoldier</Filter>
    </ClCompile>
    <ClCompile Include="Entity.cpp">
      <Filter>Source Files\Abstractions\Object Abstractions</Filter>
    </ClCompile>
    <ClCompile Include="State.cpp">
      <Filter>Source Files\Abstractions\Object Abstractions</Filter>
    </ClCompile>
    <ClCompile Include="HasAnimations.cpp">
      <Filter>Source Files\Abstractions\Graphics Abstractions</Filter>
    </ClCompile>
    <ClCompile Include="BillSwimShotState.cpp">
      <Filter>Source Files\Objects\Bill\BillState</Filter>
    </ClCompile>
    <ClCompile Include="BillBeginSwimState.cpp">
      <Filter>Source Files\Objects\Bill\BillState</Filter>
    </ClCompile>
    <ClCompile Include="BillRunShotState.cpp">
      <Filter>Source Files\Objects\Bill\BillState</Filter>
    </ClCompile>
    <ClCompile Include="BillNormalShotState.cpp">
      <Filter>Source Files\Objects\Bill\BillState</Filter>
    </ClCompile>
    <ClCompile Include="BillShotStraightUpState.cpp">
      <Filter>Source Files\Objects\Bill\BillState</Filter>
    </ClCompile>
    <ClCompile Include="BillStraightUpState.cpp">
      <Filter>Source Files\Objects\Bill\BillState</Filter>
    </ClCompile>
    <ClCompile Include="BillSwimShotAngleUpState.cpp">
      <Filter>Source Files\Objects\Bill\BillState</Filter>
    </ClCompile>
    <ClCompile Include="BillSwimShotStraightUpState.cpp">
      <Filter>Source Files\Objects\Bill\BillState</Filter>
    </ClCompile>
    <ClCompile Include="BillBeginState.cpp">
      <Filter>Source Files\Objects\Bill\BillState</Filter>
    </ClCompile>
    <ClCompile Include="BillFallState.cpp">
      <Filter>Source Files\Objects\Bill\BillState</Filter>
    </ClCompile>
    <ClCompile Include="BillSwimRunState.cpp">
      <Filter>Source Files\Objects\Bill\BillState</Filter>
    </ClCompile>
    <ClCompile Include="BossStage3Common.h">
      <Filter>Header Files\Objects\Enemies\BossStage3</Filter>
    </ClCompile>
    <ClCompile Include="BossStage3.cpp">
      <Filter>Source Files\Objects\Enemies\BossStage3</Filter>
    </ClCompile>
    <ClCompile Include="BossStage3State.cpp">
      <Filter>Source Files\Objects\Enemies\BossStage3</Filter>
    </ClCompile>
    <ClCompile Include="BossStage3OpenState.cpp">
      <Filter>Source Files\Objects\Enemies\BossStage3\BossStage3State</Filter>
    </ClCompile>
    <ClCompile Include="BossStage3CloseState.cpp">
      <Filter>Source Files\Objects\Enemies\BossStage3\BossStage3State</Filter>
    </ClCompile>
    <ClCompile Include="BossStage3MiddleState.cpp">
      <Filter>Source Files\Objects\Enemies\BossStage3\BossStage3State</Filter>
    </ClCompile>
    <ClCompile Include="Enemy.cpp">
      <Filter>Source Files\Abstractions\Object Abstractions</Filter>
    </ClCompile>
    <ClCompile Include="Camera.cpp">
      <Filter>Source Files\Objects\Camera</Filter>
    </ClCompile>
    <ClCompile Include="CameraState.cpp">
      <Filter>Source Files\Objects\Camera</Filter>
    </ClCompile>
    <ClCompile Include="CameraMovingForwardState.cpp">
      <Filter>Source Files\Objects\Camera\CameraState</Filter>
    </ClCompile>
    <ClCompile Include="CameraMovingUpwardState.cpp">
      <Filter>Source Files\Objects\Camera\CameraState</Filter>
    </ClCompile>
    <ClCompile Include="CameraMovingDownwardState.cpp">
      <Filter>Source Files\Objects\Camera\CameraState</Filter>
    </ClCompile>
    <ClCompile Include="CameraMovingBackwardState.cpp">
      <Filter>Source Files\Objects\Camera\CameraState</Filter>
    </ClCompile>
  </ItemGroup>
</Project>