<?xml version="1.0" encoding="utf-8"?>
<Project ToolsVersion="4.0" xmlns="http://schemas.microsoft.com/developer/msbuild/2003">
  <ItemGroup>
    <Filter Include="Source Files">
      <UniqueIdentifier>{4FC737F1-C7A5-4376-A066-2A32D752A2FF}</UniqueIdentifier>
      <Extensions>cpp;c;cc;cxx;c++;cppm;ixx;def;odl;idl;hpj;bat;asm;asmx</Extensions>
    </Filter>
    <Filter Include="Header Files">
      <UniqueIdentifier>{93995380-89BD-4b04-88EB-625FBE52EBFB}</UniqueIdentifier>
      <Extensions>h;hh;hpp;hxx;h++;hm;inl;inc;ipp;xsd</Extensions>
    </Filter>
    <Filter Include="Resource Files">
      <UniqueIdentifier>{67DA6AB6-F800-4c08-8B7A-83BB121AAD01}</UniqueIdentifier>
      <Extensions>rc;ico;cur;bmp;dlg;rc2;rct;bin;rgs;gif;jpg;jpeg;jpe;resx;tiff;tif;png;wav;mfcribbon-ms</Extensions>
    </Filter>
    <Filter Include="Header Files\Objects">
      <UniqueIdentifier>{6e7f6abf-7bd8-4b45-9fa2-c1b8690f01e0}</UniqueIdentifier>
    </Filter>
    <Filter Include="Header Files\Objects\Enemies">
      <UniqueIdentifier>{74f7207f-f0b3-4c07-a44f-6a5c2a1b9d59}</UniqueIdentifier>
    </Filter>
    <Filter Include="Source Files\Objects">
      <UniqueIdentifier>{1b2d88d2-bc64-4ebf-a962-dedacfec1273}</UniqueIdentifier>
    </Filter>
    <Filter Include="Source Files\Objects\Enemies">
      <UniqueIdentifier>{e39ceb5c-66af-4ed9-877b-e04acf34a59f}</UniqueIdentifier>
    </Filter>
    <Filter Include="Source Files\Objects\Bill">
      <UniqueIdentifier>{16fc020b-a894-4edb-ba03-7c4c3d612104}</UniqueIdentifier>
    </Filter>
    <Filter Include="Source Files\Objects\Bill\BillState">
      <UniqueIdentifier>{bd0fda84-ecf8-476e-a06d-43d9fb4faf94}</UniqueIdentifier>
    </Filter>
    <Filter Include="Header Files\Objects\Enemies\Soldier">
      <UniqueIdentifier>{bf4f33db-920a-4578-85f3-889c9d446859}</UniqueIdentifier>
    </Filter>
    <Filter Include="Header Files\Objects\Bill">
      <UniqueIdentifier>{df7d36ea-3972-4de3-827c-8e972538dd00}</UniqueIdentifier>
    </Filter>
    <Filter Include="Header Files\Abstractions">
      <UniqueIdentifier>{9ba54ad0-e114-4056-a582-4717d80d7e18}</UniqueIdentifier>
    </Filter>
    <Filter Include="Header Files\Abstractions\Object Abstractions">
      <UniqueIdentifier>{d84f4867-f1bd-4d9a-ba13-a12f774fe8f0}</UniqueIdentifier>
    </Filter>
    <Filter Include="Header Files\Abstractions\Graphics Abstractions">
      <UniqueIdentifier>{a474935d-6596-4cbd-9d7a-e4fbd1945296}</UniqueIdentifier>
    </Filter>
    <Filter Include="Header Files\Objects\Enemies\ScubaSoldier">
      <UniqueIdentifier>{ce627cf7-08a6-467b-8044-f5c591fbfdeb}</UniqueIdentifier>
    </Filter>
    <Filter Include="Header Files\Objects\TestingEntity">
      <UniqueIdentifier>{683898e2-62ef-40cf-9911-cdbf3a5cec5b}</UniqueIdentifier>
    </Filter>
    <Filter Include="Source Files\Abstractions">
      <UniqueIdentifier>{4b7dd734-8732-44ef-b1f3-a08c73dcd8a6}</UniqueIdentifier>
    </Filter>
    <Filter Include="Source Files\Abstractions\Object Abstractions">
      <UniqueIdentifier>{0cd5ee03-3357-4d90-a95f-8e08f33242ae}</UniqueIdentifier>
    </Filter>
    <Filter Include="Source Files\Abstractions\Graphics Abstractions">
      <UniqueIdentifier>{1e585eeb-dacb-4aa0-bc54-9abf4742f67b}</UniqueIdentifier>
    </Filter>
    <Filter Include="Source Files\Objects\TestingEntity">
      <UniqueIdentifier>{11eba976-12b6-445c-a983-af1e80c495e5}</UniqueIdentifier>
    </Filter>
    <Filter Include="Source Files\Objects\Enemies\Soldier">
      <UniqueIdentifier>{cfe66d06-a43b-4ba9-ac2f-839559ae2570}</UniqueIdentifier>
    </Filter>
    <Filter Include="Source Files\Objects\Enemies\ScubaSoldier">
      <UniqueIdentifier>{e57e8cc9-074e-4b39-b0d1-a2c80d20aaaa}</UniqueIdentifier>
    </Filter>
    <Filter Include="Source Files\Objects\Enemies\Soldier">
      <UniqueIdentifier>{5545e3d2-e933-470b-83e4-3788fe656759}</UniqueIdentifier>
    </Filter>
    <Filter Include="Source Files\Objects\Enemies\Soldier\SoldierState">
      <UniqueIdentifier>{27533dfb-7b0d-4735-8970-0db29728b6c0}</UniqueIdentifier>
    </Filter>
    <Filter Include="Source Files\Objects\Enemies\ScubaSoldier\ScubaSoldierState">
      <UniqueIdentifier>{bf9a1c6d-c915-4f0b-a43a-4d37b838f7ef}</UniqueIdentifier>
    </Filter>
    <Filter Include="Header Files\Objects\Enemies\WallTurret">
      <UniqueIdentifier>{9768cc23-d528-4df8-b3ab-e7b008386ee6}</UniqueIdentifier>
    </Filter>
    <Filter Include="Source Files\Objects\Enemies\WallTurret">
      <UniqueIdentifier>{f2cd795a-178c-4b6f-bbc5-ebabd819b6e2}</UniqueIdentifier>
    </Filter>
    <Filter Include="Source Files\Objects\Enemies\WallTurret\WallTurretState">
      <UniqueIdentifier>{3887bf97-f37e-4fed-b077-c468432bd6de}</UniqueIdentifier>
    </Filter>
    <Filter Include="Header Files\Objects\Enemies\BossStage3">
      <UniqueIdentifier>{8f9e1b94-f64d-48fb-9966-32293c07c812}</UniqueIdentifier>
    </Filter>
    <Filter Include="Source Files\Objects\Enemies\BossStage3">
      <UniqueIdentifier>{be0dc8c7-0e71-47f6-80a8-600ab84024ad}</UniqueIdentifier>
    </Filter>
    <Filter Include="Source Files\Objects\Enemies\BossStage3\BossStage3State">
      <UniqueIdentifier>{283e9967-ec2f-4af5-8faf-0b53a8a83ec9}</UniqueIdentifier>
    </Filter>
    <Filter Include="Header Files\Objects\Enemies\RifleMan">
      <UniqueIdentifier>{79d2c866-2293-4630-9842-287f1a71d622}</UniqueIdentifier>
    </Filter>
    <Filter Include="Source Files\Objects\Enemies\RifleMan">
      <UniqueIdentifier>{6932a0fa-1526-4ae9-9a3a-3415efd401be}</UniqueIdentifier>
    </Filter>
    <Filter Include="Header Files\Objects\Enemies\RifleMan\HideOnBush">
      <UniqueIdentifier>{14bbbc09-f6ba-4497-a508-993c9af08a10}</UniqueIdentifier>
    </Filter>
    <Filter Include="Header Files\Objects\Enemies\RifleMan\Standing">
      <UniqueIdentifier>{f56f47ec-84da-4430-be29-41a0de0b2045}</UniqueIdentifier>
    </Filter>
    <Filter Include="Source Files\Objects\Enemies\RifleMan\HideOnBush">
      <UniqueIdentifier>{b6bdcd03-29f5-4a55-81d9-e64e154d1647}</UniqueIdentifier>
    </Filter>
    <Filter Include="Source Files\Objects\Enemies\RifleMan\Standing">
      <UniqueIdentifier>{6039a4df-e9ea-4617-af4e-6cbc3c56ac77}</UniqueIdentifier>
    </Filter>
    <Filter Include="Source Files\Objects\Enemies\RifleMan\HideOnBush\State">
      <UniqueIdentifier>{48380a2e-9d02-425f-8d9c-904c17547a6a}</UniqueIdentifier>
    </Filter>
    <Filter Include="Source Files\Objects\Enemies\RifleMan\Standing\State">
      <UniqueIdentifier>{ca618d7a-b8ae-4be6-ab0c-7a6c247f2d3b}</UniqueIdentifier>
    </Filter>
    <Filter Include="Header Files\Objects\Camera">
      <UniqueIdentifier>{04bbb2ba-9815-44fb-a868-19898b1adf75}</UniqueIdentifier>
    </Filter>
    <Filter Include="Source Files\Objects\Camera">
      <UniqueIdentifier>{14356edb-079e-4955-a6e4-ee6d2de4b7b1}</UniqueIdentifier>
    </Filter>
    <Filter Include="Source Files\Objects\Camera\CameraState">
      <UniqueIdentifier>{0c6a8194-4179-402d-be4c-bbe4d567c698}</UniqueIdentifier>
    </Filter>
    <Filter Include="Header Files\Abstractions\Space Abstractions">
      <UniqueIdentifier>{e5736747-d2df-4372-9565-e4aa6201acd4}</UniqueIdentifier>
    </Filter>
    <Filter Include="Header Files\Objects\Bullet">
      <UniqueIdentifier>{d01352c1-14c2-4eff-abac-a29e3dd0a853}</UniqueIdentifier>
    </Filter>
    <Filter Include="Source Files\Objects\Bullet">
      <UniqueIdentifier>{fdfb6548-a9c8-4b1d-96e2-c85b7e60b794}</UniqueIdentifier>
    </Filter>
    <Filter Include="Source Files\Objects\Bullet\BulletState">
      <UniqueIdentifier>{f806374c-df9b-43ab-a4fb-c422977c9d32}</UniqueIdentifier>
    </Filter>
    <Filter Include="Header Files\Objects\Terrains">
      <UniqueIdentifier>{389e08b1-559c-4cc8-92b6-3571b44afeaf}</UniqueIdentifier>
    </Filter>
    <Filter Include="Source Files\Objects\Terrains">
      <UniqueIdentifier>{1ed65607-bc21-423b-9672-47c7696926ce}</UniqueIdentifier>
    </Filter>
    <Filter Include="Header Files\Objects\Terrains\TerrainStage1">
      <UniqueIdentifier>{f75b83ce-3b35-490c-af31-e6aa11f17e10}</UniqueIdentifier>
    </Filter>
    <Filter Include="Source Files\Objects\Terrains\TerrainStage1">
      <UniqueIdentifier>{725dc5a4-e0f7-49a6-97fe-28b075db5403}</UniqueIdentifier>
    </Filter>
    <Filter Include="Header Files\Objects\Terrains\TerrainBlock">
      <UniqueIdentifier>{4561b63d-f3dc-4d82-99f7-e2c316052469}</UniqueIdentifier>
    </Filter>
    <Filter Include="Source Files\Objects\Terrains\TerrainBlock">
      <UniqueIdentifier>{5d9a2e4e-4850-4821-8582-0610e1f9150a}</UniqueIdentifier>
    </Filter>
    <Filter Include="Source Files\Objects\Terrains\TerrainStage2">
      <UniqueIdentifier>{c762061f-3e6e-431d-93c4-14133af6b1d3}</UniqueIdentifier>
    </Filter>
    <Filter Include="Header Files\Objects\Terrains\TerrainStage2">
      <UniqueIdentifier>{bb97508d-7b36-46d7-b11a-1c5c30a099a0}</UniqueIdentifier>
    </Filter>
    <Filter Include="Header Files\Stages">
      <UniqueIdentifier>{f81ff6f4-ae2a-40a8-91f5-c76cb5021107}</UniqueIdentifier>
    </Filter>
    <Filter Include="Source Files\Stages">
      <UniqueIdentifier>{ac828fcc-65be-4ca8-8a8b-a29690f4c0c3}</UniqueIdentifier>
    </Filter>
    <Filter Include="Source Files\Objects\Enemies\AirCraft">
      <UniqueIdentifier>{01d5c4bb-5c0c-476b-84c0-cbf112009c3d}</UniqueIdentifier>
    </Filter>
    <Filter Include="Source Files\Objects\Enemies\AirCraft\AirCraftState">
      <UniqueIdentifier>{13f14c65-7fd2-47cf-b7cc-a52e6a43d418}</UniqueIdentifier>
    </Filter>
    <Filter Include="Header Files\Objects\Enemies\AirCraft">
      <UniqueIdentifier>{af28f063-4f8c-4349-aee5-b06d0f0315ac}</UniqueIdentifier>
    </Filter>
    <Filter Include="Header Files\Objects\Enemies\Falcon">
      <UniqueIdentifier>{f036c879-e274-4495-b011-e306db2edf7f}</UniqueIdentifier>
    </Filter>
    <Filter Include="Source Files\Objects\Enemies\Falcon">
      <UniqueIdentifier>{05bbee7b-969b-40d0-86a9-d99768c81f1e}</UniqueIdentifier>
    </Filter>
    <Filter Include="Source Files\Objects\Enemies\Falcon\FalconState">
      <UniqueIdentifier>{43bbc217-0974-4996-b420-24276b2d9dc6}</UniqueIdentifier>
    </Filter>
    <Filter Include="Header Files\Objects\Fire">
      <UniqueIdentifier>{b6c84411-b0e6-451f-8341-3d5e7930a5d4}</UniqueIdentifier>
    </Filter>
    <Filter Include="Header Files\Objects\RockFall">
      <UniqueIdentifier>{daa96ac8-c315-4bd7-aefd-e4d9eaffde6e}</UniqueIdentifier>
    </Filter>
    <Filter Include="Header Files\Objects\RockFly">
      <UniqueIdentifier>{89913019-d9db-4442-a868-90cfc4a82cbb}</UniqueIdentifier>
    </Filter>
    <Filter Include="Source Files\Objects\Fire">
      <UniqueIdentifier>{19f3ccfd-5f92-4825-8edd-fb4f310b6464}</UniqueIdentifier>
    </Filter>
    <Filter Include="Source Files\Objects\RockFall">
      <UniqueIdentifier>{4e8163d0-19b8-4d00-ac46-240d4897d811}</UniqueIdentifier>
    </Filter>
    <Filter Include="Source Files\Objects\RockFall\RockFallState">
      <UniqueIdentifier>{3029f3eb-79b4-46e0-ada4-d4a166100ed9}</UniqueIdentifier>
    </Filter>
    <Filter Include="Source Files\Objects\RockFly">
      <UniqueIdentifier>{fad04213-c289-43ff-bdaa-d2ee185f1356}</UniqueIdentifier>
    </Filter>
  </ItemGroup>
  <ItemGroup>
    <ClInclude Include="GraphicsHelper.h">
      <Filter>Header Files</Filter>
    </ClInclude>
    <ClInclude Include="GraphicsDatabase.h">
      <Filter>Header Files</Filter>
    </ClInclude>
    <ClInclude Include="Input.h">
      <Filter>Header Files</Filter>
    </ClInclude>
    <ClInclude Include="Soldier.h">
      <Filter>Header Files\Objects\Enemies\Soldier</Filter>
    </ClInclude>
    <ClInclude Include="Bill.h">
      <Filter>Header Files\Objects\Bill</Filter>
    </ClInclude>
    <ClInclude Include="HasSprites.h">
      <Filter>Header Files\Abstractions\Graphics Abstractions</Filter>
    </ClInclude>
    <ClInclude Include="HasAnimations.h">
      <Filter>Header Files\Abstractions\Graphics Abstractions</Filter>
    </ClInclude>
    <ClInclude Include="HasTextures.h">
      <Filter>Header Files\Abstractions\Graphics Abstractions</Filter>
    </ClInclude>
    <ClInclude Include="Entity.h">
      <Filter>Header Files\Abstractions\Object Abstractions</Filter>
    </ClInclude>
    <ClInclude Include="State.h">
      <Filter>Header Files\Abstractions\Object Abstractions</Filter>
    </ClInclude>
    <ClInclude Include="ScubaSoldier.h">
      <Filter>Header Files\Objects\Enemies\ScubaSoldier</Filter>
    </ClInclude>
    <ClInclude Include="ScubaSoldierCommon.h">
      <Filter>Header Files\Objects\Enemies\ScubaSoldier</Filter>
    </ClInclude>
    <ClInclude Include="SoldierCommon.h">
      <Filter>Header Files\Objects\Enemies\Soldier</Filter>
    </ClInclude>
    <ClInclude Include="TestingEntity.h">
      <Filter>Header Files\Objects\TestingEntity</Filter>
    </ClInclude>
    <ClInclude Include="TestingEntityCommon.h">
      <Filter>Header Files\Objects\TestingEntity</Filter>
    </ClInclude>
    <ClInclude Include="Common.h">
      <Filter>Header Files</Filter>
    </ClInclude>
    <ClInclude Include="BillCommon.h">
      <Filter>Header Files\Objects\Bill</Filter>
    </ClInclude>
    <ClInclude Include="WallTurret.h">
      <Filter>Header Files\Objects\Enemies\WallTurret</Filter>
    </ClInclude>
    <ClInclude Include="BossStage3.h">
      <Filter>Header Files\Objects\Enemies\BossStage3</Filter>
    </ClInclude>
    <ClInclude Include="Enemy.h">
      <Filter>Header Files\Abstractions\Object Abstractions</Filter>
    </ClInclude>
    <ClInclude Include="RifleMan.h">
      <Filter>Header Files\Objects\Enemies\RifleMan</Filter>
    </ClInclude>
    <ClInclude Include="RifleManCommon.h">
      <Filter>Header Files\Objects\Enemies\RifleMan</Filter>
    </ClInclude>
    <ClInclude Include="RifleManHideOnBush.h">
      <Filter>Header Files\Objects\Enemies\RifleMan\HideOnBush</Filter>
    </ClInclude>
    <ClInclude Include="RifleManStanding.h">
      <Filter>Header Files\Objects\Enemies\RifleMan\Standing</Filter>
    </ClInclude>
    <ClInclude Include="Camera.h">
      <Filter>Header Files\Objects\Camera</Filter>
    </ClInclude>
    <ClInclude Include="CameraCommon.h">
      <Filter>Header Files\Objects\Camera</Filter>
    </ClInclude>
    <ClInclude Include="Motion.h">
      <Filter>Header Files</Filter>
    </ClInclude>
    <ClInclude Include="CollidableEntity.h">
      <Filter>Header Files\Abstractions\Object Abstractions</Filter>
    </ClInclude>
    <ClInclude Include="CollidableState.h">
      <Filter>Header Files\Abstractions\Object Abstractions</Filter>
    </ClInclude>
    <ClInclude Include="QuadTree.h">
      <Filter>Header Files\Abstractions\Space Abstractions</Filter>
    </ClInclude>
    <ClInclude Include="QuadTreeCommon.h">
      <Filter>Header Files\Abstractions\Space Abstractions</Filter>
    </ClInclude>
    <ClInclude Include="QuadTreeContainer.h">
      <Filter>Header Files\Abstractions\Space Abstractions</Filter>
    </ClInclude>
    <ClInclude Include="Bullet.h">
      <Filter>Header Files\Objects\Bullet</Filter>
    </ClInclude>
    <ClInclude Include="BulletCommon.h">
      <Filter>Header Files\Objects\Bullet</Filter>
    </ClInclude>
    <ClInclude Include="HasWeapons.h">
      <Filter>Header Files</Filter>
    </ClInclude>
    <ClInclude Include="TerrainStage1.h">
      <Filter>Header Files\Objects\Terrains\TerrainStage1</Filter>
    </ClInclude>
    <ClInclude Include="Terrain.h">
      <Filter>Header Files\Abstractions\Object Abstractions</Filter>
    </ClInclude>
    <ClInclude Include="TerrainStage1Common.h">
      <Filter>Header Files\Objects\Terrains\TerrainStage1</Filter>
    </ClInclude>
    <ClInclude Include="TerrainBlock.h">
      <Filter>Header Files\Objects\Terrains\TerrainBlock</Filter>
    </ClInclude>
    <ClInclude Include="QuadTreeNode.h">
      <Filter>Header Files</Filter>
    </ClInclude>
    <ClInclude Include="TerrainStage2.h">
      <Filter>Header Files\Objects\Terrains\TerrainStage2</Filter>
    </ClInclude>
    <ClInclude Include="TerrainStage2Common.h">
      <Filter>Header Files\Objects\Terrains\TerrainStage2</Filter>
    </ClInclude>
    <ClInclude Include="Stage1.h">
      <Filter>Header Files\Stages</Filter>
    </ClInclude>
    <ClInclude Include="Stage2.h">
      <Filter>Header Files\Stages</Filter>
    </ClInclude>
    <ClInclude Include="Stage.h">
      <Filter>Header Files\Stages</Filter>
    </ClInclude>
    <ClInclude Include="AirCraft.h">
      <Filter>Header Files\Objects\Enemies\AirCraft</Filter>
    </ClInclude>
    <ClInclude Include="AirCraftCommon.h">
      <Filter>Header Files\Objects\Enemies\AirCraft</Filter>
    </ClInclude>
    <ClInclude Include="Falcon.h">
      <Filter>Header Files\Objects\Enemies\Falcon</Filter>
    </ClInclude>
    <ClInclude Include="FalconCommon.h">
      <Filter>Header Files\Objects\Enemies\Falcon</Filter>
    </ClInclude>
    <ClInclude Include="Fire.h">
      <Filter>Header Files\Objects\Fire</Filter>
    </ClInclude>
    <ClInclude Include="FireCommon.h">
      <Filter>Header Files\Objects\Fire</Filter>
    </ClInclude>
    <ClInclude Include="RockFall.h">
      <Filter>Header Files\Objects\RockFall</Filter>
    </ClInclude>
    <ClInclude Include="RockFallCommon.h">
      <Filter>Header Files\Objects\RockFall</Filter>
    </ClInclude>
    <ClInclude Include="RockFlyCommon.h">
      <Filter>Header Files\Objects\RockFly</Filter>
    </ClInclude>
    <ClInclude Include="RockFly.h">
      <Filter>Header Files\Objects\RockFly</Filter>
    </ClInclude>
  </ItemGroup>
  <ItemGroup>
    <ClCompile Include="main.cpp">
      <Filter>Source Files</Filter>
    </ClCompile>
    <ClCompile Include="GraphicsHelper.cpp">
      <Filter>Source Files</Filter>
    </ClCompile>
    <ClCompile Include="GraphicsDatabase.cpp">
      <Filter>Source Files</Filter>
    </ClCompile>
    <ClCompile Include="Input.cpp">
      <Filter>Source Files</Filter>
    </ClCompile>
    <ClCompile Include="BillState.cpp">
      <Filter>Source Files\Objects\Bill</Filter>
    </ClCompile>
    <ClCompile Include="BillRunState.cpp">
      <Filter>Source Files\Objects\Bill\BillState</Filter>
    </ClCompile>
    <ClCompile Include="BillJumpState.cpp">
      <Filter>Source Files\Objects\Bill\BillState</Filter>
    </ClCompile>
    <ClCompile Include="BillSwimNormalState.cpp">
      <Filter>Source Files\Objects\Bill\BillState</Filter>
    </ClCompile>
    <ClCompile Include="BillNormalState.cpp">
      <Filter>Source Files\Objects\Bill\BillState</Filter>
    </ClCompile>
    <ClCompile Include="BillLayDownState.cpp">
      <Filter>Source Files\Objects\Bill\BillState</Filter>
    </ClCompile>
    <ClCompile Include="BillRunShotAngleUpState.cpp">
      <Filter>Source Files\Objects\Bill\BillState</Filter>
    </ClCompile>
    <ClCompile Include="BillRunShotAngleDownState.cpp">
      <Filter>Source Files\Objects\Bill\BillState</Filter>
    </ClCompile>
    <ClCompile Include="BillState.cpp">
      <Filter>Source Files\Bill</Filter>
    </ClCompile>
    <ClCompile Include="BillDiveState.cpp">
      <Filter>Source Files\Objects\Bill\BillState</Filter>
    </ClCompile>
    <ClCompile Include="BillDeadState.cpp">
      <Filter>Source Files\Objects\Bill\BillState</Filter>
    </ClCompile>
    <ClCompile Include="Bill.cpp">
      <Filter>Source Files\Objects\Bill</Filter>
    </ClCompile>
    <ClCompile Include="HasAnimations.cpp">
      <Filter>Source Files\Abstractions\Graphics Abstractions</Filter>
    </ClCompile>
    <ClCompile Include="HasSprites.cpp">
      <Filter>Source Files\Abstractions\Graphics Abstractions</Filter>
    </ClCompile>
    <ClCompile Include="HasTextures.cpp">
      <Filter>Source Files\Abstractions\Graphics Abstractions</Filter>
    </ClCompile>
    <ClCompile Include="State.cpp">
      <Filter>Source Files\Abstractions\Object Abstractions</Filter>
    </ClCompile>
    <ClCompile Include="Entity.cpp">
      <Filter>Source Files\Abstractions\Object Abstractions</Filter>
    </ClCompile>
    <ClCompile Include="TestingEntity.cpp">
      <Filter>Source Files\Objects\TestingEntity</Filter>
    </ClCompile>
    <ClCompile Include="Soldier.cpp">
      <Filter>Source Files\Objects\Enemies\Soldier</Filter>
    </ClCompile>
    <ClCompile Include="ScubaSoldier.cpp">
      <Filter>Source Files\Objects\Enemies\ScubaSoldier</Filter>
    </ClCompile>
    <ClCompile Include="BillState.cpp">
      <Filter>Source Files\Objects\Bill</Filter>
    </ClCompile>
    <ClCompile Include="Soldier.cpp">
      <Filter>Source Files\Objects\Enemies\Soldier</Filter>
    </ClCompile>
    <ClCompile Include="BillState.cpp">
      <Filter>Source Files\Objects\Bill</Filter>
    </ClCompile>
    <ClCompile Include="Soldier.cpp">
      <Filter>Source Files\Objects\Enemies\Soldier</Filter>
    </ClCompile>
    <ClCompile Include="SoldierState.cpp">
      <Filter>Source Files\Objects\Enemies\Soldier</Filter>
    </ClCompile>
    <ClCompile Include="Soldier.cpp">
      <Filter>Source Files\Objects\Enemies\Soldier</Filter>
    </ClCompile>
    <ClCompile Include="HasAnimations.cpp">
      <Filter>Source Files\Abstractions\Graphics Abstractions</Filter>
    </ClCompile>
    <ClCompile Include="HasSprites.cpp">
      <Filter>Source Files\Abstractions\Graphics Abstractions</Filter>
    </ClCompile>
    <ClCompile Include="HasTextures.cpp">
      <Filter>Source Files\Abstractions\Graphics Abstractions</Filter>
    </ClCompile>
    <ClCompile Include="Entity.cpp">
      <Filter>Source Files\Abstractions\Object Abstractions</Filter>
    </ClCompile>
    <ClCompile Include="ScubaSoldier.cpp">
      <Filter>Source Files\Objects\Enemies\ScubaSoldier</Filter>
    </ClCompile>
    <ClCompile Include="TestingEntity.cpp">
      <Filter>Source Files\Objects\TestingEntity</Filter>
    </ClCompile>
    <ClCompile Include="SoldierDieState.cpp">
      <Filter>Source Files\Objects\Enemies\Soldier\SoldierState</Filter>
    </ClCompile>
    <ClCompile Include="SoldierJumpState.cpp">
      <Filter>Source Files\Objects\Enemies\Soldier\SoldierState</Filter>
    </ClCompile>
    <ClCompile Include="SoldierLayDownState.cpp">
      <Filter>Source Files\Objects\Enemies\Soldier\SoldierState</Filter>
    </ClCompile>
    <ClCompile Include="SoldierRunState.cpp">
      <Filter>Source Files\Objects\Enemies\Soldier\SoldierState</Filter>
    </ClCompile>
    <ClCompile Include="SoldierShootState.cpp">
      <Filter>Source Files\Objects\Enemies\Soldier\SoldierState</Filter>
    </ClCompile>
    <ClCompile Include="SoldierDieState.cpp">
      <Filter>Source Files\Objects\Enemies\Soldier\SoldierState</Filter>
    </ClCompile>
    <ClCompile Include="SoldierJumpState.cpp">
      <Filter>Source Files\Objects\Enemies\Soldier\SoldierState</Filter>
    </ClCompile>
    <ClCompile Include="SoldierLayDownState.cpp">
      <Filter>Source Files\Objects\Enemies\Soldier\SoldierState</Filter>
    </ClCompile>
    <ClCompile Include="SoldierRunState.cpp">
      <Filter>Source Files\Objects\Enemies\Soldier\SoldierState</Filter>
    </ClCompile>
    <ClCompile Include="SoldierShootState.cpp">
      <Filter>Source Files\Objects\Enemies\Soldier\SoldierState</Filter>
    </ClCompile>
    <ClCompile Include="WallTurret.cpp">
      <Filter>Source Files\Objects\Enemies\WallTurret</Filter>
    </ClCompile>
    <ClCompile Include="WallTurretState.cpp">
      <Filter>Source Files\Objects\Enemies\WallTurret</Filter>
    </ClCompile>
    <ClCompile Include="WallTurretLeft90State.cpp">
      <Filter>Source Files\Objects\Enemies\WallTurret\WallTurretState</Filter>
    </ClCompile>
    <ClCompile Include="WallTurretUpState.cpp">
      <Filter>Source Files\Objects\Enemies\WallTurret\WallTurretState</Filter>
    </ClCompile>
    <ClCompile Include="WallTurretDownState.cpp">
      <Filter>Source Files\Objects\Enemies\WallTurret\WallTurretState</Filter>
    </ClCompile>
    <ClCompile Include="WallTurretRight90State.cpp">
      <Filter>Source Files\Objects\Enemies\WallTurret\WallTurretState</Filter>
    </ClCompile>
    <ClCompile Include="WallTurretLeft120State.cpp">
      <Filter>Source Files\Objects\Enemies\WallTurret\WallTurretState</Filter>
    </ClCompile>
    <ClCompile Include="WallTurretLeft150State.cpp">
      <Filter>Source Files\Objects\Enemies\WallTurret\WallTurretState</Filter>
    </ClCompile>
    <ClCompile Include="WallTurretLeft60State.cpp">
      <Filter>Source Files\Objects\Enemies\WallTurret\WallTurretState</Filter>
    </ClCompile>
    <ClCompile Include="WallTurretLeft30State.cpp">
      <Filter>Source Files\Objects\Enemies\WallTurret\WallTurretState</Filter>
    </ClCompile>
    <ClCompile Include="WallTurretRight120State.cpp">
      <Filter>Source Files\Objects\Enemies\WallTurret\WallTurretState</Filter>
    </ClCompile>
    <ClCompile Include="WallTurretRight150State.cpp">
      <Filter>Source Files\Objects\Enemies\WallTurret\WallTurretState</Filter>
    </ClCompile>
    <ClCompile Include="WallTurretRight60State.cpp">
      <Filter>Source Files\Objects\Enemies\WallTurret\WallTurretState</Filter>
    </ClCompile>
    <ClCompile Include="Bill.cpp">
      <Filter>Source Files\Objects\Bill</Filter>
    </ClCompile>
    <ClCompile Include="WallTurretCommon.h">
      <Filter>Header Files\Objects\Enemies\WallTurret</Filter>
    </ClCompile>
    <ClCompile Include="WallTurretRight30State.cpp">
      <Filter>Source Files\Objects\Enemies\WallTurret\WallTurretState</Filter>
    </ClCompile>
    <ClCompile Include="ScubaSoldierHiddenState.cpp">
      <Filter>Source Files\Objects\Enemies\ScubaSoldier\ScubaSoldierState</Filter>
    </ClCompile>
    <ClCompile Include="ScubaSoldierShootingState.cpp">
      <Filter>Source Files\Objects\Enemies\ScubaSoldier\ScubaSoldierState</Filter>
    </ClCompile>
    <ClCompile Include="ScubaSoldierState.cpp">
      <Filter>Source Files\Objects\Enemies\ScubaSoldier</Filter>
    </ClCompile>
    <ClCompile Include="Entity.cpp">
      <Filter>Source Files\Abstractions\Object Abstractions</Filter>
    </ClCompile>
    <ClCompile Include="State.cpp">
      <Filter>Source Files\Abstractions\Object Abstractions</Filter>
    </ClCompile>
    <ClCompile Include="HasAnimations.cpp">
      <Filter>Source Files\Abstractions\Graphics Abstractions</Filter>
    </ClCompile>
    <ClCompile Include="BillSwimNormalShotState.cpp">
      <Filter>Source Files\Objects\Bill\BillState</Filter>
    </ClCompile>
    <ClCompile Include="BillBeginSwimState.cpp">
      <Filter>Source Files\Objects\Bill\BillState</Filter>
    </ClCompile>
    <ClCompile Include="BillRunShotState.cpp">
      <Filter>Source Files\Objects\Bill\BillState</Filter>
    </ClCompile>
    <ClCompile Include="BillNormalShotState.cpp">
      <Filter>Source Files\Objects\Bill\BillState</Filter>
    </ClCompile>
    <ClCompile Include="BillShotStraightUpState.cpp">
      <Filter>Source Files\Objects\Bill\BillState</Filter>
    </ClCompile>
    <ClCompile Include="BillStraightUpState.cpp">
      <Filter>Source Files\Objects\Bill\BillState</Filter>
    </ClCompile>
    <ClCompile Include="BillSwimShotAngleUpState.cpp">
      <Filter>Source Files\Objects\Bill\BillState</Filter>
    </ClCompile>
    <ClCompile Include="BillSwimShotStraightUpState.cpp">
      <Filter>Source Files\Objects\Bill\BillState</Filter>
    </ClCompile>
    <ClCompile Include="BillBeginState.cpp">
      <Filter>Source Files\Objects\Bill\BillState</Filter>
    </ClCompile>
    <ClCompile Include="BillFallState.cpp">
      <Filter>Source Files\Objects\Bill\BillState</Filter>
    </ClCompile>
    <ClCompile Include="BillSwimRunState.cpp">
      <Filter>Source Files\Objects\Bill\BillState</Filter>
    </ClCompile>
    <ClCompile Include="BossStage3Common.h">
      <Filter>Header Files\Objects\Enemies\BossStage3</Filter>
    </ClCompile>
    <ClCompile Include="BossStage3.cpp">
      <Filter>Source Files\Objects\Enemies\BossStage3</Filter>
    </ClCompile>
    <ClCompile Include="BossStage3State.cpp">
      <Filter>Source Files\Objects\Enemies\BossStage3</Filter>
    </ClCompile>
    <ClCompile Include="BossStage3OpenState.cpp">
      <Filter>Source Files\Objects\Enemies\BossStage3\BossStage3State</Filter>
    </ClCompile>
    <ClCompile Include="BossStage3CloseState.cpp">
      <Filter>Source Files\Objects\Enemies\BossStage3\BossStage3State</Filter>
    </ClCompile>
    <ClCompile Include="BossStage3MiddleState.cpp">
      <Filter>Source Files\Objects\Enemies\BossStage3\BossStage3State</Filter>
    </ClCompile>
    <ClCompile Include="Enemy.cpp">
      <Filter>Source Files\Abstractions\Object Abstractions</Filter>
    </ClCompile>
    <ClCompile Include="Camera.cpp">
      <Filter>Source Files\Objects\Camera</Filter>
    </ClCompile>
    <ClCompile Include="CameraState.cpp">
      <Filter>Source Files\Objects\Camera</Filter>
    </ClCompile>
    <ClCompile Include="CameraMovingForwardState.cpp">
      <Filter>Source Files\Objects\Camera\CameraState</Filter>
    </ClCompile>
    <ClCompile Include="CameraMovingUpwardState.cpp">
      <Filter>Source Files\Objects\Camera\CameraState</Filter>
    </ClCompile>
    <ClCompile Include="CameraMovingDownwardState.cpp">
      <Filter>Source Files\Objects\Camera\CameraState</Filter>
    </ClCompile>
    <ClCompile Include="CameraMovingBackwardState.cpp">
      <Filter>Source Files\Objects\Camera\CameraState</Filter>
    </ClCompile>
    <ClCompile Include="CameraStaticState.cpp">
      <Filter>Source Files\Objects\Camera\CameraState</Filter>
    </ClCompile>
    <ClCompile Include="RifleMan.cpp">
      <Filter>Source Files\Objects\Enemies\RifleMan</Filter>
    </ClCompile>
    <ClCompile Include="RifleManHideOnBush.cpp">
      <Filter>Source Files\Objects\Enemies\RifleMan\HideOnBush</Filter>
    </ClCompile>
    <ClCompile Include="RifleManHideOnBushHideState.cpp">
      <Filter>Source Files\Objects\Enemies\RifleMan\HideOnBush\State</Filter>
    </ClCompile>
    <ClCompile Include="RifleManHideOnBushAppearState.cpp">
      <Filter>Source Files\Objects\Enemies\RifleMan\HideOnBush\State</Filter>
    </ClCompile>
    <ClCompile Include="RifleManHideOnBushHidingState.cpp">
      <Filter>Source Files\Objects\Enemies\RifleMan\HideOnBush\State</Filter>
    </ClCompile>
    <ClCompile Include="RifleManHideOnBushStandingState.cpp">
      <Filter>Source Files\Objects\Enemies\RifleMan\HideOnBush\State</Filter>
    </ClCompile>
    <ClCompile Include="RifleManStandingNormalState.cpp">
      <Filter>Source Files\Objects\Enemies\RifleMan\Standing\State</Filter>
    </ClCompile>
    <ClCompile Include="RifleManStandingAimUpState.cpp">
      <Filter>Source Files\Objects\Enemies\RifleMan\Standing\State</Filter>
    </ClCompile>
    <ClCompile Include="RifleManStandingAimDownState.cpp">
      <Filter>Source Files\Objects\Enemies\RifleMan\Standing\State</Filter>
    </ClCompile>
    <ClCompile Include="RifleManHideOnBushState.cpp">
      <Filter>Source Files\Objects\Enemies\RifleMan\HideOnBush</Filter>
    </ClCompile>
    <ClCompile Include="RifleManStandingState.cpp">
      <Filter>Source Files\Objects\Enemies\RifleMan\Standing</Filter>
    </ClCompile>
    <ClCompile Include="RifleManStanding.cpp">
      <Filter>Source Files\Objects\Enemies\RifleMan\Standing</Filter>
    </ClCompile>
    <ClCompile Include="Motion.cpp">
      <Filter>Source Files</Filter>
    </ClCompile>
    <ClCompile Include="CollidableEntity.cpp">
      <Filter>Source Files\Abstractions\Object Abstractions</Filter>
    </ClCompile>
    <ClCompile Include="CollidableState.cpp">
      <Filter>Source Files\Abstractions\Object Abstractions</Filter>
    </ClCompile>
    <ClCompile Include="Bullet.cpp">
      <Filter>Source Files\Objects\Bullet</Filter>
    </ClCompile>
    <ClCompile Include="BulletState.cpp">
      <Filter>Source Files\Objects\Bullet</Filter>
    </ClCompile>
    <ClCompile Include="BulletFState.cpp">
      <Filter>Source Files\Objects\Bullet\BulletState</Filter>
    </ClCompile>
    <ClCompile Include="BulletLState.cpp">
      <Filter>Source Files\Objects\Bullet\BulletState</Filter>
    </ClCompile>
    <ClCompile Include="BulletSState.cpp">
      <Filter>Source Files\Objects\Bullet\BulletState</Filter>
    </ClCompile>
    <ClCompile Include="BulletMState.cpp">
      <Filter>Source Files\Objects\Bullet\BulletState</Filter>
    </ClCompile>
    <ClCompile Include="BulletRState.cpp">
      <Filter>Source Files\Objects\Bullet\BulletState</Filter>
    </ClCompile>
    <ClCompile Include="HasWeapons.cpp">
      <Filter>Source Files</Filter>
    </ClCompile>
    <ClCompile Include="BillSwimRunShotState.cpp">
      <Filter>Source Files\Objects\Bill\BillState</Filter>
    </ClCompile>
    <ClCompile Include="Terrain.cpp">
      <Filter>Source Files\Abstractions\Object Abstractions</Filter>
    </ClCompile>
    <ClCompile Include="TerrainStage1.cpp">
      <Filter>Source Files\Objects\Terrains\TerrainStage1</Filter>
    </ClCompile>
    <ClCompile Include="TerrainBlock.cpp">
      <Filter>Source Files\Objects\Terrains\TerrainBlock</Filter>
    </ClCompile>
    <ClCompile Include="QuadTreeNode.cpp">
      <Filter>Source Files</Filter>
    </ClCompile>
    <ClCompile Include="TerrainStage2.cpp">
      <Filter>Source Files\Objects\Terrains\TerrainStage2</Filter>
    </ClCompile>
    <ClCompile Include="Stage.cpp">
      <Filter>Source Files\Stages</Filter>
    </ClCompile>
    <ClCompile Include="Stage1.cpp">
      <Filter>Source Files\Stages</Filter>
    </ClCompile>
    <ClCompile Include="Stage2.cpp">
      <Filter>Source Files\Stages</Filter>
    </ClCompile>
    <ClCompile Include="AirCraft.cpp">
      <Filter>Source Files\Objects\Enemies\AirCraft</Filter>
    </ClCompile>
    <ClCompile Include="AirCraftBAmmoState.cpp">
      <Filter>Source Files\Objects\Enemies\AirCraft\AirCraftState</Filter>
    </ClCompile>
    <ClCompile Include="AirCraftFAmmoState.cpp">
      <Filter>Source Files\Objects\Enemies\AirCraft\AirCraftState</Filter>
    </ClCompile>
    <ClCompile Include="AirCraftInvulState.cpp">
      <Filter>Source Files\Objects\Enemies\AirCraft\AirCraftState</Filter>
    </ClCompile>
    <ClCompile Include="AirCraftLAmmoState.cpp">
      <Filter>Source Files\Objects\Enemies\AirCraft\AirCraftState</Filter>
    </ClCompile>
    <ClCompile Include="AirCraftMAmmoState.cpp">
      <Filter>Source Files\Objects\Enemies\AirCraft\AirCraftState</Filter>
    </ClCompile>
    <ClCompile Include="AirCraftNormalState.cpp">
      <Filter>Source Files\Objects\Enemies\AirCraft\AirCraftState</Filter>
    </ClCompile>
    <ClCompile Include="AirCraftRAmmoState.cpp">
      <Filter>Source Files\Objects\Enemies\AirCraft\AirCraftState</Filter>
    </ClCompile>
    <ClCompile Include="AirCraftSAmmoState.cpp">
      <Filter>Source Files\Objects\Enemies\AirCraft\AirCraftState</Filter>
    </ClCompile>
    <ClCompile Include="AirCraftState.cpp">
      <Filter>Source Files\Objects\Enemies\AirCraft</Filter>
    </ClCompile>
    <ClCompile Include="Falcon.cpp">
      <Filter>Source Files\Objects\Enemies\Falcon</Filter>
    </ClCompile>
    <ClCompile Include="FalconState.cpp">
      <Filter>Source Files\Objects\Enemies\Falcon</Filter>
    </ClCompile>
    <ClCompile Include="FalconCloseState.cpp">
      <Filter>Source Files\Objects\Enemies\Falcon\FalconState</Filter>
    </ClCompile>
    <ClCompile Include="FalconOpeningState.cpp">
      <Filter>Source Files\Objects\Enemies\Falcon\FalconState</Filter>
    </ClCompile>
    <ClCompile Include="FalconOpenState.cpp">
      <Filter>Source Files\Objects\Enemies\Falcon\FalconState</Filter>
    </ClCompile>
    <ClCompile Include="Fire.cpp">
      <Filter>Source Files\Objects\Fire</Filter>
    </ClCompile>
    <ClCompile Include="RockFall.cpp">
      <Filter>Source Files\Objects\RockFall</Filter>
    </ClCompile>
    <ClCompile Include="RockFallState.cpp">
      <Filter>Source Files\Objects\RockFall</Filter>
    </ClCompile>
    <ClCompile Include="RockFallFallState.cpp">
      <Filter>Source Files\Objects\RockFall\RockFallState</Filter>
    </ClCompile>
    <ClCompile Include="RockFallNormalState.cpp">
      <Filter>Source Files\Objects\RockFall\RockFallState</Filter>
    </ClCompile>
    <ClCompile Include="RockFly.cpp">
      <Filter>Source Files\Objects\RockFly</Filter>
    </ClCompile>
  </ItemGroup>
</Project>